
Microsoft Visual Studio Solution File, Format Version 12.00
# Visual Studio 15
VisualStudioVersion = 15.0.28010.2003
MinimumVisualStudioVersion = 10.0.40219.1
Project("{FAE04EC0-301F-11D3-BF4B-00C04F79EFBC}") = "RS Tools", "RS Tools\RS Tools.csproj", "{1E60708F-8FB0-49C5-AAB1-C9B7F0B2678F}"
EndProject
Project("{FAE04EC0-301F-11D3-BF4B-00C04F79EFBC}") = "RS Automation Tools", "RS Automation Tools\RS Automation Tools.csproj", "{507CB775-2DA9-4B03-A3CF-E2529E89E608}"
EndProject
Project("{FAE04EC0-301F-11D3-BF4B-00C04F79EFBC}") = "ChatBoxLootAlarm", "ChatBoxLootAlarm\ChatBoxLootAlarm.csproj", "{702FA138-54B3-49BF-915B-B6B09A1D93CA}"
EndProject
Project("{FAE04EC0-301F-11D3-BF4B-00C04F79EFBC}") = "SlayerTaskCompletionAlarm", "SlayerTaskCompletionAlarm\SlayerTaskCompletionAlarm.csproj", "{4000F4DF-2683-4391-8640-3D010ECB05C8}"
EndProject
Project("{FAE04EC0-301F-11D3-BF4B-00C04F79EFBC}") = "LowHealthAlarm", "LowHealthAlarm\LowHealthAlarm.csproj", "{96A95910-13C4-4D36-9EE2-FBE99B4B682C}"
EndProject
Project("{FAE04EC0-301F-11D3-BF4B-00C04F79EFBC}") = "LobbyPause", "LobbyPause\LobbyPause.csproj", "{48ADAAC7-1F97-4243-AE51-C947AA4C4349}"
EndProject
Project("{FAE04EC0-301F-11D3-BF4B-00C04F79EFBC}") = "EmptyThroneRoomDivinationAlarm", "EmptyThroneRoomDivinationAlarm\EmptyThroneRoomDivinationAlarm.csproj", "{FD1B2E77-537C-468B-85AF-9991323DF35F}"
EndProject
Project("{FAE04EC0-301F-11D3-BF4B-00C04F79EFBC}") = "EmptyInventoryAlert", "EmptyInventoryAlert\EmptyInventoryAlert.csproj", "{9B3A73A0-C136-4585-95EC-82B14387E178}"
EndProject
Project("{FAE04EC0-301F-11D3-BF4B-00C04F79EFBC}") = "OverlayTestPlugin", "OverlayTestPlugin\OverlayTestPlugin.csproj", "{0EA9F829-BFAA-43A3-906E-A68E2A414F81}"
EndProject
Global
	GlobalSection(SolutionConfigurationPlatforms) = preSolution
		Debug|Any CPU = Debug|Any CPU
		Debug|x64 = Debug|x64
		Debug|x86 = Debug|x86
		Release|Any CPU = Release|Any CPU
		Release|x64 = Release|x64
		Release|x86 = Release|x86
	EndGlobalSection
	GlobalSection(ProjectConfigurationPlatforms) = postSolution
		{1E60708F-8FB0-49C5-AAB1-C9B7F0B2678F}.Debug|Any CPU.ActiveCfg = Debug|Any CPU
		{1E60708F-8FB0-49C5-AAB1-C9B7F0B2678F}.Debug|Any CPU.Build.0 = Debug|Any CPU
		{1E60708F-8FB0-49C5-AAB1-C9B7F0B2678F}.Debug|x64.ActiveCfg = Debug|Any CPU
		{1E60708F-8FB0-49C5-AAB1-C9B7F0B2678F}.Debug|x64.Build.0 = Debug|Any CPU
		{1E60708F-8FB0-49C5-AAB1-C9B7F0B2678F}.Debug|x86.ActiveCfg = Debug|Any CPU
		{1E60708F-8FB0-49C5-AAB1-C9B7F0B2678F}.Debug|x86.Build.0 = Debug|Any CPU
		{1E60708F-8FB0-49C5-AAB1-C9B7F0B2678F}.Release|Any CPU.ActiveCfg = Release|Any CPU
		{1E60708F-8FB0-49C5-AAB1-C9B7F0B2678F}.Release|Any CPU.Build.0 = Release|Any CPU
		{1E60708F-8FB0-49C5-AAB1-C9B7F0B2678F}.Release|x64.ActiveCfg = Release|x64
		{1E60708F-8FB0-49C5-AAB1-C9B7F0B2678F}.Release|x64.Build.0 = Release|x64
		{1E60708F-8FB0-49C5-AAB1-C9B7F0B2678F}.Release|x86.ActiveCfg = Release|x86
		{1E60708F-8FB0-49C5-AAB1-C9B7F0B2678F}.Release|x86.Build.0 = Release|x86
		{507CB775-2DA9-4B03-A3CF-E2529E89E608}.Debug|Any CPU.ActiveCfg = Debug|Any CPU
		{507CB775-2DA9-4B03-A3CF-E2529E89E608}.Debug|Any CPU.Build.0 = Debug|Any CPU
		{507CB775-2DA9-4B03-A3CF-E2529E89E608}.Debug|x64.ActiveCfg = Debug|Any CPU
		{507CB775-2DA9-4B03-A3CF-E2529E89E608}.Debug|x64.Build.0 = Debug|Any CPU
		{507CB775-2DA9-4B03-A3CF-E2529E89E608}.Debug|x86.ActiveCfg = Debug|Any CPU
		{507CB775-2DA9-4B03-A3CF-E2529E89E608}.Debug|x86.Build.0 = Debug|Any CPU
		{507CB775-2DA9-4B03-A3CF-E2529E89E608}.Release|Any CPU.ActiveCfg = Release|Any CPU
		{507CB775-2DA9-4B03-A3CF-E2529E89E608}.Release|Any CPU.Build.0 = Release|Any CPU
		{507CB775-2DA9-4B03-A3CF-E2529E89E608}.Release|x64.ActiveCfg = Release|Any CPU
		{507CB775-2DA9-4B03-A3CF-E2529E89E608}.Release|x64.Build.0 = Release|Any CPU
		{507CB775-2DA9-4B03-A3CF-E2529E89E608}.Release|x86.ActiveCfg = Release|Any CPU
		{507CB775-2DA9-4B03-A3CF-E2529E89E608}.Release|x86.Build.0 = Release|Any CPU
		{702FA138-54B3-49BF-915B-B6B09A1D93CA}.Debug|Any CPU.ActiveCfg = Debug|Any CPU
		{702FA138-54B3-49BF-915B-B6B09A1D93CA}.Debug|Any CPU.Build.0 = Debug|Any CPU
		{702FA138-54B3-49BF-915B-B6B09A1D93CA}.Debug|x64.ActiveCfg = Debug|Any CPU
		{702FA138-54B3-49BF-915B-B6B09A1D93CA}.Debug|x64.Build.0 = Debug|Any CPU
		{702FA138-54B3-49BF-915B-B6B09A1D93CA}.Debug|x86.ActiveCfg = Debug|Any CPU
		{702FA138-54B3-49BF-915B-B6B09A1D93CA}.Debug|x86.Build.0 = Debug|Any CPU
		{702FA138-54B3-49BF-915B-B6B09A1D93CA}.Release|Any CPU.ActiveCfg = Release|Any CPU
		{702FA138-54B3-49BF-915B-B6B09A1D93CA}.Release|Any CPU.Build.0 = Release|Any CPU
		{702FA138-54B3-49BF-915B-B6B09A1D93CA}.Release|x64.ActiveCfg = Release|Any CPU
		{702FA138-54B3-49BF-915B-B6B09A1D93CA}.Release|x64.Build.0 = Release|Any CPU
		{702FA138-54B3-49BF-915B-B6B09A1D93CA}.Release|x86.ActiveCfg = Release|Any CPU
		{702FA138-54B3-49BF-915B-B6B09A1D93CA}.Release|x86.Build.0 = Release|Any CPU
		{4000F4DF-2683-4391-8640-3D010ECB05C8}.Debug|Any CPU.ActiveCfg = Debug|Any CPU
		{4000F4DF-2683-4391-8640-3D010ECB05C8}.Debug|Any CPU.Build.0 = Debug|Any CPU
		{4000F4DF-2683-4391-8640-3D010ECB05C8}.Debug|x64.ActiveCfg = Debug|Any CPU
		{4000F4DF-2683-4391-8640-3D010ECB05C8}.Debug|x64.Build.0 = Debug|Any CPU
		{4000F4DF-2683-4391-8640-3D010ECB05C8}.Debug|x86.ActiveCfg = Debug|Any CPU
		{4000F4DF-2683-4391-8640-3D010ECB05C8}.Debug|x86.Build.0 = Debug|Any CPU
		{4000F4DF-2683-4391-8640-3D010ECB05C8}.Release|Any CPU.ActiveCfg = Release|Any CPU
		{4000F4DF-2683-4391-8640-3D010ECB05C8}.Release|Any CPU.Build.0 = Release|Any CPU
		{4000F4DF-2683-4391-8640-3D010ECB05C8}.Release|x64.ActiveCfg = Release|Any CPU
		{4000F4DF-2683-4391-8640-3D010ECB05C8}.Release|x64.Build.0 = Release|Any CPU
		{4000F4DF-2683-4391-8640-3D010ECB05C8}.Release|x86.ActiveCfg = Release|Any CPU
		{4000F4DF-2683-4391-8640-3D010ECB05C8}.Release|x86.Build.0 = Release|Any CPU
		{96A95910-13C4-4D36-9EE2-FBE99B4B682C}.Debug|Any CPU.ActiveCfg = Debug|Any CPU
		{96A95910-13C4-4D36-9EE2-FBE99B4B682C}.Debug|Any CPU.Build.0 = Debug|Any CPU
		{96A95910-13C4-4D36-9EE2-FBE99B4B682C}.Debug|x64.ActiveCfg = Debug|Any CPU
		{96A95910-13C4-4D36-9EE2-FBE99B4B682C}.Debug|x64.Build.0 = Debug|Any CPU
		{96A95910-13C4-4D36-9EE2-FBE99B4B682C}.Debug|x86.ActiveCfg = Debug|Any CPU
		{96A95910-13C4-4D36-9EE2-FBE99B4B682C}.Debug|x86.Build.0 = Debug|Any CPU
		{96A95910-13C4-4D36-9EE2-FBE99B4B682C}.Release|Any CPU.ActiveCfg = Release|Any CPU
		{96A95910-13C4-4D36-9EE2-FBE99B4B682C}.Release|Any CPU.Build.0 = Release|Any CPU
		{96A95910-13C4-4D36-9EE2-FBE99B4B682C}.Release|x64.ActiveCfg = Release|Any CPU
		{96A95910-13C4-4D36-9EE2-FBE99B4B682C}.Release|x64.Build.0 = Release|Any CPU
		{96A95910-13C4-4D36-9EE2-FBE99B4B682C}.Release|x86.ActiveCfg = Release|Any CPU
		{96A95910-13C4-4D36-9EE2-FBE99B4B682C}.Release|x86.Build.0 = Release|Any CPU
		{48ADAAC7-1F97-4243-AE51-C947AA4C4349}.Debug|Any CPU.ActiveCfg = Debug|Any CPU
		{48ADAAC7-1F97-4243-AE51-C947AA4C4349}.Debug|Any CPU.Build.0 = Debug|Any CPU
		{48ADAAC7-1F97-4243-AE51-C947AA4C4349}.Debug|x64.ActiveCfg = Debug|Any CPU
		{48ADAAC7-1F97-4243-AE51-C947AA4C4349}.Debug|x64.Build.0 = Debug|Any CPU
		{48ADAAC7-1F97-4243-AE51-C947AA4C4349}.Debug|x86.ActiveCfg = Debug|Any CPU
		{48ADAAC7-1F97-4243-AE51-C947AA4C4349}.Debug|x86.Build.0 = Debug|Any CPU
		{48ADAAC7-1F97-4243-AE51-C947AA4C4349}.Release|Any CPU.ActiveCfg = Release|Any CPU
		{48ADAAC7-1F97-4243-AE51-C947AA4C4349}.Release|Any CPU.Build.0 = Release|Any CPU
		{48ADAAC7-1F97-4243-AE51-C947AA4C4349}.Release|x64.ActiveCfg = Release|Any CPU
		{48ADAAC7-1F97-4243-AE51-C947AA4C4349}.Release|x64.Build.0 = Release|Any CPU
		{48ADAAC7-1F97-4243-AE51-C947AA4C4349}.Release|x86.ActiveCfg = Release|Any CPU
		{48ADAAC7-1F97-4243-AE51-C947AA4C4349}.Release|x86.Build.0 = Release|Any CPU
		{FD1B2E77-537C-468B-85AF-9991323DF35F}.Debug|Any CPU.ActiveCfg = Debug|Any CPU
		{FD1B2E77-537C-468B-85AF-9991323DF35F}.Debug|Any CPU.Build.0 = Debug|Any CPU
		{FD1B2E77-537C-468B-85AF-9991323DF35F}.Debug|x64.ActiveCfg = Debug|Any CPU
		{FD1B2E77-537C-468B-85AF-9991323DF35F}.Debug|x64.Build.0 = Debug|Any CPU
		{FD1B2E77-537C-468B-85AF-9991323DF35F}.Debug|x86.ActiveCfg = Debug|Any CPU
		{FD1B2E77-537C-468B-85AF-9991323DF35F}.Debug|x86.Build.0 = Debug|Any CPU
		{FD1B2E77-537C-468B-85AF-9991323DF35F}.Release|Any CPU.ActiveCfg = Release|Any CPU
		{FD1B2E77-537C-468B-85AF-9991323DF35F}.Release|Any CPU.Build.0 = Release|Any CPU
		{FD1B2E77-537C-468B-85AF-9991323DF35F}.Release|x64.ActiveCfg = Release|Any CPU
		{FD1B2E77-537C-468B-85AF-9991323DF35F}.Release|x64.Build.0 = Release|Any CPU
		{FD1B2E77-537C-468B-85AF-9991323DF35F}.Release|x86.ActiveCfg = Release|Any CPU
		{FD1B2E77-537C-468B-85AF-9991323DF35F}.Release|x86.Build.0 = Release|Any CPU
		{9B3A73A0-C136-4585-95EC-82B14387E178}.Debug|Any CPU.ActiveCfg = Debug|Any CPU
		{9B3A73A0-C136-4585-95EC-82B14387E178}.Debug|Any CPU.Build.0 = Debug|Any CPU
		{9B3A73A0-C136-4585-95EC-82B14387E178}.Debug|x64.ActiveCfg = Debug|Any CPU
		{9B3A73A0-C136-4585-95EC-82B14387E178}.Debug|x64.Build.0 = Debug|Any CPU
		{9B3A73A0-C136-4585-95EC-82B14387E178}.Debug|x86.ActiveCfg = Debug|Any CPU
		{9B3A73A0-C136-4585-95EC-82B14387E178}.Debug|x86.Build.0 = Debug|Any CPU
		{9B3A73A0-C136-4585-95EC-82B14387E178}.Release|Any CPU.ActiveCfg = Release|Any CPU
		{9B3A73A0-C136-4585-95EC-82B14387E178}.Release|Any CPU.Build.0 = Release|Any CPU
		{9B3A73A0-C136-4585-95EC-82B14387E178}.Release|x64.ActiveCfg = Release|Any CPU
		{9B3A73A0-C136-4585-95EC-82B14387E178}.Release|x64.Build.0 = Release|Any CPU
		{9B3A73A0-C136-4585-95EC-82B14387E178}.Release|x86.ActiveCfg = Release|Any CPU
		{9B3A73A0-C136-4585-95EC-82B14387E178}.Release|x86.Build.0 = Release|Any CPU
		{0EA9F829-BFAA-43A3-906E-A68E2A414F81}.Debug|Any CPU.ActiveCfg = Debug|Any CPU
		{0EA9F829-BFAA-43A3-906E-A68E2A414F81}.Debug|Any CPU.Build.0 = Debug|Any CPU
		{0EA9F829-BFAA-43A3-906E-A68E2A414F81}.Debug|x64.ActiveCfg = Debug|Any CPU
		{0EA9F829-BFAA-43A3-906E-A68E2A414F81}.Debug|x64.Build.0 = Debug|Any CPU
		{0EA9F829-BFAA-43A3-906E-A68E2A414F81}.Debug|x86.ActiveCfg = Debug|Any CPU
		{0EA9F829-BFAA-43A3-906E-A68E2A414F81}.Debug|x86.Build.0 = Debug|Any CPU
		{0EA9F829-BFAA-43A3-906E-A68E2A414F81}.Release|Any CPU.ActiveCfg = Release|Any CPU
		{0EA9F829-BFAA-43A3-906E-A68E2A414F81}.Release|Any CPU.Build.0 = Release|Any CPU
		{0EA9F829-BFAA-43A3-906E-A68E2A414F81}.Release|x64.ActiveCfg = Release|Any CPU
		{0EA9F829-BFAA-43A3-906E-A68E2A414F81}.Release|x64.Build.0 = Release|Any CPU
		{0EA9F829-BFAA-43A3-906E-A68E2A414F81}.Release|x86.ActiveCfg = Release|Any CPU
		{0EA9F829-BFAA-43A3-906E-A68E2A414F81}.Release|x86.Build.0 = Release|Any CPU
	EndGlobalSection
	GlobalSection(SolutionProperties) = preSolution
		HideSolutionNode = FALSE
	EndGlobalSection
	GlobalSection(ExtensibilityGlobals) = postSolution
		SolutionGuid = {EB1C071E-A764-45FD-A9D8-32AC89BE7D68}
	EndGlobalSection
EndGlobal
